
Microsoft Visual Studio Solution File, Format Version 12.00
# Visual Studio 14
VisualStudioVersion = 14.0.25420.1
MinimumVisualStudioVersion = 10.0.40219.1
Project("{FAE04EC0-301F-11D3-BF4B-00C04F79EFBC}") = "Client", "Client\Client.csproj", "{3349776B-38B5-4E30-8C24-4ECB8EC90179}"
EndProject
Project("{FAE04EC0-301F-11D3-BF4B-00C04F79EFBC}") = "Contract", "Contract\Contract.csproj", "{ED15E905-012D-4BDF-91ED-9FD53D0EE769}"
EndProject
Project("{FAE04EC0-301F-11D3-BF4B-00C04F79EFBC}") = "ServerWPF", "ServerWPF\ServerWPF.csproj", "{7EF3451E-9A83-461E-88CC-C84630F5BE31}"
EndProject
Global
	GlobalSection(SolutionConfigurationPlatforms) = preSolution
		Debug|Any CPU = Debug|Any CPU
		Release|Any CPU = Release|Any CPU
	EndGlobalSection
	GlobalSection(ProjectConfigurationPlatforms) = postSolution
		{3349776B-38B5-4E30-8C24-4ECB8EC90179}.Debug|Any CPU.ActiveCfg = Debug|Any CPU
		{3349776B-38B5-4E30-8C24-4ECB8EC90179}.Debug|Any CPU.Build.0 = Debug|Any CPU
		{3349776B-38B5-4E30-8C24-4ECB8EC90179}.Release|Any CPU.ActiveCfg = Release|Any CPU
		{3349776B-38B5-4E30-8C24-4ECB8EC90179}.Release|Any CPU.Build.0 = Release|Any CPU
		{ED15E905-012D-4BDF-91ED-9FD53D0EE769}.Debug|Any CPU.ActiveCfg = Debug|Any CPU
		{ED15E905-012D-4BDF-91ED-9FD53D0EE769}.Debug|Any CPU.Build.0 = Debug|Any CPU
		{ED15E905-012D-4BDF-91ED-9FD53D0EE769}.Release|Any CPU.ActiveCfg = Release|Any CPU
		{ED15E905-012D-4BDF-91ED-9FD53D0EE769}.Release|Any CPU.Build.0 = Release|Any CPU
		{7EF3451E-9A83-461E-88CC-C84630F5BE31}.Debug|Any CPU.ActiveCfg = Debug|Any CPU
		{7EF3451E-9A83-461E-88CC-C84630F5BE31}.Debug|Any CPU.Build.0 = Debug|Any CPU
		{7EF3451E-9A83-461E-88CC-C84630F5BE31}.Release|Any CPU.ActiveCfg = Release|Any CPU
		{7EF3451E-9A83-461E-88CC-C84630F5BE31}.Release|Any CPU.Build.0 = Release|Any CPU
	EndGlobalSection
	GlobalSection(SolutionProperties) = preSolution
		HideSolutionNode = FALSE
	EndGlobalSection
EndGlobal
